// !$*UTF8*$!
{
	archiveVersion = 1;
	classes = {
	};
	objectVersion = 46;
	objects = {

/* Begin PBXBuildFile section */
		430B0C771E659FEF00540495 /* RootViewController.m in Sources */ = {isa = PBXBuildFile; fileRef = 430B0C761E659FEF00540495 /* RootViewController.m */; };
		433991AA1E658D8700A4631E /* main.m in Sources */ = {isa = PBXBuildFile; fileRef = 433991A91E658D8700A4631E /* main.m */; };
		433991AD1E658D8700A4631E /* AppDelegate.m in Sources */ = {isa = PBXBuildFile; fileRef = 433991AC1E658D8700A4631E /* AppDelegate.m */; };
		433991B31E658D8700A4631E /* Main.storyboard in Resources */ = {isa = PBXBuildFile; fileRef = 433991B11E658D8700A4631E /* Main.storyboard */; };
		433991B61E658D8700A4631E /* ssh_exec.xcdatamodeld in Sources */ = {isa = PBXBuildFile; fileRef = 433991B41E658D8700A4631E /* ssh_exec.xcdatamodeld */; };
		433991B81E658D8700A4631E /* Assets.xcassets in Resources */ = {isa = PBXBuildFile; fileRef = 433991B71E658D8700A4631E /* Assets.xcassets */; };
		433991BB1E658D8700A4631E /* LaunchScreen.storyboard in Resources */ = {isa = PBXBuildFile; fileRef = 433991B91E658D8700A4631E /* LaunchScreen.storyboard */; };
		435AB9F11E65AB1000F08B4E /* AddViewController.m in Sources */ = {isa = PBXBuildFile; fileRef = 435AB9F01E65AB1000F08B4E /* AddViewController.m */; };
		435AB9F41E65B04000F08B4E /* DetailViewController.m in Sources */ = {isa = PBXBuildFile; fileRef = 435AB9F31E65B04000F08B4E /* DetailViewController.m */; };
		435AB9FC1E65B4A000F08B4E /* Command+CoreDataProperties.m in Sources */ = {isa = PBXBuildFile; fileRef = 435AB9F81E65B0D400F08B4E /* Command+CoreDataProperties.m */; };
		435ABAEA1E65C37700F08B4E /* CFNetwork.framework in Frameworks */ = {isa = PBXBuildFile; fileRef = 435ABAE91E65C37700F08B4E /* CFNetwork.framework */; };
		435ABAED1E65C39400F08B4E /* libz.tbd in Frameworks */ = {isa = PBXBuildFile; fileRef = 435ABAEC1E65C39400F08B4E /* libz.tbd */; };
/* End PBXBuildFile section */

/* Begin PBXCopyFilesBuildPhase section */
		435ABA0E1E65BF0200F08B4E /* Embed Frameworks */ = {
			isa = PBXCopyFilesBuildPhase;
			buildActionMask = 2147483647;
			dstPath = "";
			dstSubfolderSpec = 10;
			files = (
			);
			name = "Embed Frameworks";
			runOnlyForDeploymentPostprocessing = 0;
		};
/* End PBXCopyFilesBuildPhase section */

/* Begin PBXFileReference section */
		430B0C751E659FEF00540495 /* RootViewController.h */ = {isa = PBXFileReference; fileEncoding = 4; lastKnownFileType = sourcecode.c.h; path = RootViewController.h; sourceTree = "<group>"; };
		430B0C761E659FEF00540495 /* RootViewController.m */ = {isa = PBXFileReference; fileEncoding = 4; lastKnownFileType = sourcecode.c.objc; path = RootViewController.m; sourceTree = "<group>"; };
		433991A51E658D8700A4631E /* ssh exec.app */ = {isa = PBXFileReference; explicitFileType = wrapper.application; includeInIndex = 0; path = "ssh exec.app"; sourceTree = BUILT_PRODUCTS_DIR; };
		433991A91E658D8700A4631E /* main.m */ = {isa = PBXFileReference; lastKnownFileType = sourcecode.c.objc; path = main.m; sourceTree = "<group>"; };
		433991AB1E658D8700A4631E /* AppDelegate.h */ = {isa = PBXFileReference; lastKnownFileType = sourcecode.c.h; path = AppDelegate.h; sourceTree = "<group>"; };
		433991AC1E658D8700A4631E /* AppDelegate.m */ = {isa = PBXFileReference; lastKnownFileType = sourcecode.c.objc; path = AppDelegate.m; sourceTree = "<group>"; };
		433991B21E658D8700A4631E /* Base */ = {isa = PBXFileReference; lastKnownFileType = file.storyboard; name = Base; path = Base.lproj/Main.storyboard; sourceTree = "<group>"; };
		433991B51E658D8700A4631E /* ssh_exec.xcdatamodel */ = {isa = PBXFileReference; lastKnownFileType = wrapper.xcdatamodel; path = ssh_exec.xcdatamodel; sourceTree = "<group>"; };
		433991B71E658D8700A4631E /* Assets.xcassets */ = {isa = PBXFileReference; lastKnownFileType = folder.assetcatalog; path = Assets.xcassets; sourceTree = "<group>"; };
		433991BA1E658D8700A4631E /* Base */ = {isa = PBXFileReference; lastKnownFileType = file.storyboard; name = Base; path = Base.lproj/LaunchScreen.storyboard; sourceTree = "<group>"; };
		433991BC1E658D8700A4631E /* Info.plist */ = {isa = PBXFileReference; lastKnownFileType = text.plist.xml; path = Info.plist; sourceTree = "<group>"; };
		435AB9EF1E65AB1000F08B4E /* AddViewController.h */ = {isa = PBXFileReference; fileEncoding = 4; lastKnownFileType = sourcecode.c.h; path = AddViewController.h; sourceTree = "<group>"; };
		435AB9F01E65AB1000F08B4E /* AddViewController.m */ = {isa = PBXFileReference; fileEncoding = 4; lastKnownFileType = sourcecode.c.objc; path = AddViewController.m; sourceTree = "<group>"; };
		435AB9F21E65B04000F08B4E /* DetailViewController.h */ = {isa = PBXFileReference; fileEncoding = 4; lastKnownFileType = sourcecode.c.h; path = DetailViewController.h; sourceTree = "<group>"; };
		435AB9F31E65B04000F08B4E /* DetailViewController.m */ = {isa = PBXFileReference; fileEncoding = 4; lastKnownFileType = sourcecode.c.objc; path = DetailViewController.m; sourceTree = "<group>"; };
		435AB9F51E65B0D400F08B4E /* Command.h */ = {isa = PBXFileReference; fileEncoding = 4; lastKnownFileType = sourcecode.c.h; path = Command.h; sourceTree = "<group>"; };
		435AB9F61E65B0D400F08B4E /* Command.m */ = {isa = PBXFileReference; fileEncoding = 4; lastKnownFileType = sourcecode.c.objc; path = Command.m; sourceTree = "<group>"; };
		435AB9F71E65B0D400F08B4E /* Command+CoreDataProperties.h */ = {isa = PBXFileReference; fileEncoding = 4; lastKnownFileType = sourcecode.c.h; path = "Command+CoreDataProperties.h"; sourceTree = "<group>"; };
		435AB9F81E65B0D400F08B4E /* Command+CoreDataProperties.m */ = {isa = PBXFileReference; fileEncoding = 4; lastKnownFileType = sourcecode.c.objc; path = "Command+CoreDataProperties.m"; sourceTree = "<group>"; };
		435ABAE91E65C37700F08B4E /* CFNetwork.framework */ = {isa = PBXFileReference; lastKnownFileType = wrapper.framework; name = CFNetwork.framework; path = System/Library/Frameworks/CFNetwork.framework; sourceTree = SDKROOT; };
		435ABAEC1E65C39400F08B4E /* libz.tbd */ = {isa = PBXFileReference; lastKnownFileType = "sourcecode.text-based-dylib-definition"; name = libz.tbd; path = usr/lib/libz.tbd; sourceTree = SDKROOT; };
/* End PBXFileReference section */

/* Begin PBXFrameworksBuildPhase section */
		433991A21E658D8700A4631E /* Frameworks */ = {
			isa = PBXFrameworksBuildPhase;
			buildActionMask = 2147483647;
			files = (
				435ABAED1E65C39400F08B4E /* libz.tbd in Frameworks */,
				435ABAEA1E65C37700F08B4E /* CFNetwork.framework in Frameworks */,
			);
			runOnlyForDeploymentPostprocessing = 0;
		};
/* End PBXFrameworksBuildPhase section */

/* Begin PBXGroup section */
		4339919C1E658D8700A4631E = {
			isa = PBXGroup;
			children = (
				433991A71E658D8700A4631E /* ssh exec */,
				433991A61E658D8700A4631E /* Products */,
				435ABAE81E65C37700F08B4E /* Frameworks */,
			);
			sourceTree = "<group>";
		};
		433991A61E658D8700A4631E /* Products */ = {
			isa = PBXGroup;
			children = (
				433991A51E658D8700A4631E /* ssh exec.app */,
			);
			name = Products;
			sourceTree = "<group>";
		};
		433991A71E658D8700A4631E /* ssh exec */ = {
			isa = PBXGroup;
			children = (
				433991AB1E658D8700A4631E /* AppDelegate.h */,
				433991AC1E658D8700A4631E /* AppDelegate.m */,
				430B0C751E659FEF00540495 /* RootViewController.h */,
				430B0C761E659FEF00540495 /* RootViewController.m */,
				435AB9F21E65B04000F08B4E /* DetailViewController.h */,
				435AB9F31E65B04000F08B4E /* DetailViewController.m */,
				435AB9EF1E65AB1000F08B4E /* AddViewController.h */,
				435AB9F01E65AB1000F08B4E /* AddViewController.m */,
				433991B11E658D8700A4631E /* Main.storyboard */,
				433991B71E658D8700A4631E /* Assets.xcassets */,
				433991B91E658D8700A4631E /* LaunchScreen.storyboard */,
				433991BC1E658D8700A4631E /* Info.plist */,
				433991B41E658D8700A4631E /* ssh_exec.xcdatamodeld */,
				435AB9FB1E65B0DA00F08B4E /* Model */,
				433991A81E658D8700A4631E /* Supporting Files */,
			);
			path = "ssh exec";
			sourceTree = "<group>";
		};
		433991A81E658D8700A4631E /* Supporting Files */ = {
			isa = PBXGroup;
			children = (
				433991A91E658D8700A4631E /* main.m */,
			);
			name = "Supporting Files";
			sourceTree = "<group>";
		};
		435AB9FB1E65B0DA00F08B4E /* Model */ = {
			isa = PBXGroup;
			children = (
				435AB9F51E65B0D400F08B4E /* Command.h */,
				435AB9F61E65B0D400F08B4E /* Command.m */,
				435AB9F71E65B0D400F08B4E /* Command+CoreDataProperties.h */,
				435AB9F81E65B0D400F08B4E /* Command+CoreDataProperties.m */,
			);
			name = Model;
			sourceTree = "<group>";
		};
		435ABAE81E65C37700F08B4E /* Frameworks */ = {
			isa = PBXGroup;
			children = (
				435ABAEC1E65C39400F08B4E /* libz.tbd */,
				435ABAE91E65C37700F08B4E /* CFNetwork.framework */,
			);
			name = Frameworks;
			sourceTree = "<group>";
		};
/* End PBXGroup section */

/* Begin PBXNativeTarget section */
		433991A41E658D8700A4631E /* ssh exec */ = {
			isa = PBXNativeTarget;
			buildConfigurationList = 433991BF1E658D8700A4631E /* Build configuration list for PBXNativeTarget "ssh exec" */;
			buildPhases = (
				433991A11E658D8700A4631E /* Sources */,
				433991A21E658D8700A4631E /* Frameworks */,
				433991A31E658D8700A4631E /* Resources */,
				435ABA0E1E65BF0200F08B4E /* Embed Frameworks */,
			);
			buildRules = (
			);
			dependencies = (
			);
			name = "ssh exec";
			productName = "ssh exec";
			productReference = 433991A51E658D8700A4631E /* ssh exec.app */;
			productType = "com.apple.product-type.application";
		};
/* End PBXNativeTarget section */

/* Begin PBXProject section */
		4339919D1E658D8700A4631E /* Project object */ = {
			isa = PBXProject;
			attributes = {
				LastUpgradeCheck = 0820;
				ORGANIZATIONNAME = Benjamin;
				TargetAttributes = {
					433991A41E658D8700A4631E = {
						CreatedOnToolsVersion = 8.2.1;
						DevelopmentTeam = A6L4DYQ22M;
						ProvisioningStyle = Automatic;
					};
				};
			};
			buildConfigurationList = 433991A01E658D8700A4631E /* Build configuration list for PBXProject "ssh exec" */;
			compatibilityVersion = "Xcode 3.2";
			developmentRegion = English;
			hasScannedForEncodings = 0;
			knownRegions = (
				en,
				Base,
			);
			mainGroup = 4339919C1E658D8700A4631E;
			productRefGroup = 433991A61E658D8700A4631E /* Products */;
			projectDirPath = "";
			projectRoot = "";
			targets = (
				433991A41E658D8700A4631E /* ssh exec */,
			);
		};
/* End PBXProject section */

/* Begin PBXResourcesBuildPhase section */
		433991A31E658D8700A4631E /* Resources */ = {
			isa = PBXResourcesBuildPhase;
			buildActionMask = 2147483647;
			files = (
				433991BB1E658D8700A4631E /* LaunchScreen.storyboard in Resources */,
				433991B81E658D8700A4631E /* Assets.xcassets in Resources */,
				433991B31E658D8700A4631E /* Main.storyboard in Resources */,
			);
			runOnlyForDeploymentPostprocessing = 0;
		};
/* End PBXResourcesBuildPhase section */

/* Begin PBXSourcesBuildPhase section */
		433991A11E658D8700A4631E /* Sources */ = {
			isa = PBXSourcesBuildPhase;
			buildActionMask = 2147483647;
			files = (
				435AB9F11E65AB1000F08B4E /* AddViewController.m in Sources */,
				433991AD1E658D8700A4631E /* AppDelegate.m in Sources */,
				433991AA1E658D8700A4631E /* main.m in Sources */,
				430B0C771E659FEF00540495 /* RootViewController.m in Sources */,
				433991B61E658D8700A4631E /* ssh_exec.xcdatamodeld in Sources */,
				435AB9F41E65B04000F08B4E /* DetailViewController.m in Sources */,
				435AB9FC1E65B4A000F08B4E /* Command+CoreDataProperties.m in Sources */,
			);
			runOnlyForDeploymentPostprocessing = 0;
		};
/* End PBXSourcesBuildPhase section */

/* Begin PBXVariantGroup section */
		433991B11E658D8700A4631E /* Main.storyboard */ = {
			isa = PBXVariantGroup;
			children = (
				433991B21E658D8700A4631E /* Base */,
			);
			name = Main.storyboard;
			sourceTree = "<group>";
		};
		433991B91E658D8700A4631E /* LaunchScreen.storyboard */ = {
			isa = PBXVariantGroup;
			children = (
				433991BA1E658D8700A4631E /* Base */,
			);
			name = LaunchScreen.storyboard;
			sourceTree = "<group>";
		};
/* End PBXVariantGroup section */

/* Begin XCBuildConfiguration section */
		433991BD1E658D8700A4631E /* Debug */ = {
			isa = XCBuildConfiguration;
			buildSettings = {
				ALWAYS_SEARCH_USER_PATHS = NO;
				CLANG_ANALYZER_NONNULL = YES;
				CLANG_CXX_LANGUAGE_STANDARD = "gnu++0x";
				CLANG_CXX_LIBRARY = "libc++";
				CLANG_ENABLE_MODULES = YES;
				CLANG_ENABLE_OBJC_ARC = YES;
				CLANG_WARN_BOOL_CONVERSION = YES;
				CLANG_WARN_CONSTANT_CONVERSION = YES;
				CLANG_WARN_DIRECT_OBJC_ISA_USAGE = YES_ERROR;
				CLANG_WARN_DOCUMENTATION_COMMENTS = YES;
				CLANG_WARN_EMPTY_BODY = YES;
				CLANG_WARN_ENUM_CONVERSION = YES;
				CLANG_WARN_INFINITE_RECURSION = YES;
				CLANG_WARN_INT_CONVERSION = YES;
				CLANG_WARN_OBJC_ROOT_CLASS = YES_ERROR;
				CLANG_WARN_SUSPICIOUS_MOVE = YES;
				CLANG_WARN_UNREACHABLE_CODE = YES;
				CLANG_WARN__DUPLICATE_METHOD_MATCH = YES;
				"CODE_SIGN_IDENTITY[sdk=iphoneos*]" = "iPhone Developer";
				COPY_PHASE_STRIP = NO;
				DEBUG_INFORMATION_FORMAT = dwarf;
				ENABLE_STRICT_OBJC_MSGSEND = YES;
				ENABLE_TESTABILITY = YES;
				GCC_C_LANGUAGE_STANDARD = gnu99;
				GCC_DYNAMIC_NO_PIC = NO;
				GCC_NO_COMMON_BLOCKS = YES;
				GCC_OPTIMIZATION_LEVEL = 0;
				GCC_PREPROCESSOR_DEFINITIONS = (
					"DEBUG=1",
					"$(inherited)",
				);
				GCC_WARN_64_TO_32_BIT_CONVERSION = YES;
				GCC_WARN_ABOUT_RETURN_TYPE = YES_ERROR;
				GCC_WARN_UNDECLARED_SELECTOR = YES;
				GCC_WARN_UNINITIALIZED_AUTOS = YES_AGGRESSIVE;
				GCC_WARN_UNUSED_FUNCTION = YES;
				GCC_WARN_UNUSED_VARIABLE = YES;
				IPHONEOS_DEPLOYMENT_TARGET = 10.2;
				MTL_ENABLE_DEBUG_INFO = YES;
				ONLY_ACTIVE_ARCH = YES;
				SDKROOT = iphoneos;
			};
			name = Debug;
		};
		433991BE1E658D8700A4631E /* Release */ = {
			isa = XCBuildConfiguration;
			buildSettings = {
				ALWAYS_SEARCH_USER_PATHS = NO;
				CLANG_ANALYZER_NONNULL = YES;
				CLANG_CXX_LANGUAGE_STANDARD = "gnu++0x";
				CLANG_CXX_LIBRARY = "libc++";
				CLANG_ENABLE_MODULES = YES;
				CLANG_ENABLE_OBJC_ARC = YES;
				CLANG_WARN_BOOL_CONVERSION = YES;
				CLANG_WARN_CONSTANT_CONVERSION = YES;
				CLANG_WARN_DIRECT_OBJC_ISA_USAGE = YES_ERROR;
				CLANG_WARN_DOCUMENTATION_COMMENTS = YES;
				CLANG_WARN_EMPTY_BODY = YES;
				CLANG_WARN_ENUM_CONVERSION = YES;
				CLANG_WARN_INFINITE_RECURSION = YES;
				CLANG_WARN_INT_CONVERSION = YES;
				CLANG_WARN_OBJC_ROOT_CLASS = YES_ERROR;
				CLANG_WARN_SUSPICIOUS_MOVE = YES;
				CLANG_WARN_UNREACHABLE_CODE = YES;
				CLANG_WARN__DUPLICATE_METHOD_MATCH = YES;
				"CODE_SIGN_IDENTITY[sdk=iphoneos*]" = "iPhone Developer";
				COPY_PHASE_STRIP = NO;
				DEBUG_INFORMATION_FORMAT = "dwarf-with-dsym";
				ENABLE_NS_ASSERTIONS = NO;
				ENABLE_STRICT_OBJC_MSGSEND = YES;
				GCC_C_LANGUAGE_STANDARD = gnu99;
				GCC_NO_COMMON_BLOCKS = YES;
				GCC_WARN_64_TO_32_BIT_CONVERSION = YES;
				GCC_WARN_ABOUT_RETURN_TYPE = YES_ERROR;
				GCC_WARN_UNDECLARED_SELECTOR = YES;
				GCC_WARN_UNINITIALIZED_AUTOS = YES_AGGRESSIVE;
				GCC_WARN_UNUSED_FUNCTION = YES;
				GCC_WARN_UNUSED_VARIABLE = YES;
				IPHONEOS_DEPLOYMENT_TARGET = 10.2;
				MTL_ENABLE_DEBUG_INFO = NO;
				SDKROOT = iphoneos;
				VALIDATE_PRODUCT = YES;
			};
			name = Release;
		};
		433991C01E658D8700A4631E /* Debug */ = {
			isa = XCBuildConfiguration;
			buildSettings = {
				ASSETCATALOG_COMPILER_APPICON_NAME = AppIcon;
				DEVELOPMENT_TEAM = A6L4DYQ22M;
				FRAMEWORK_SEARCH_PATHS = (
					"$(inherited)",
					"$(PROJECT_DIR)/NMSSH/NMSSHTests/Settings/lib",
				);
				INFOPLIST_FILE = "ssh exec/Info.plist";
				LD_RUNPATH_SEARCH_PATHS = "$(inherited) @executable_path/Frameworks";
				LIBRARY_SEARCH_PATHS = (
					"$(inherited)",
					"$(PROJECT_DIR)/NMSSH/NMSSH-iOS/Libraries/lib",
					"$(PROJECT_DIR)/NMSSH/NMSSH-OSX/Libraries/lib",
				);
				PRODUCT_BUNDLE_IDENTIFIER = "moe.fuyukai.ssh-exec";
				PRODUCT_NAME = "$(TARGET_NAME)";
			};
			name = Debug;
		};
		433991C11E658D8700A4631E /* Release */ = {
			isa = XCBuildConfiguration;
			buildSettings = {
				ASSETCATALOG_COMPILER_APPICON_NAME = AppIcon;
				DEVELOPMENT_TEAM = A6L4DYQ22M;
				FRAMEWORK_SEARCH_PATHS = (
					"$(inherited)",
					"$(PROJECT_DIR)/NMSSH/NMSSHTests/Settings/lib",
				);
				INFOPLIST_FILE = "ssh exec/Info.plist";
				LD_RUNPATH_SEARCH_PATHS = "$(inherited) @executable_path/Frameworks";
				LIBRARY_SEARCH_PATHS = (
					"$(inherited)",
					"$(PROJECT_DIR)/NMSSH/NMSSH-iOS/Libraries/lib",
					"$(PROJECT_DIR)/NMSSH/NMSSH-OSX/Libraries/lib",
				);
				PRODUCT_BUNDLE_IDENTIFIER = "moe.fuyukai.ssh-exec";
				PRODUCT_NAME = "$(TARGET_NAME)";
			};
			name = Release;
		};
/* End XCBuildConfiguration section */

/* Begin XCConfigurationList section */
		433991A01E658D8700A4631E /* Build configuration list for PBXProject "ssh exec" */ = {
			isa = XCConfigurationList;
			buildConfigurations = (
				433991BD1E658D8700A4631E /* Debug */,
				433991BE1E658D8700A4631E /* Release */,
			);
			defaultConfigurationIsVisible = 0;
			defaultConfigurationName = Release;
		};
		433991BF1E658D8700A4631E /* Build configuration list for PBXNativeTarget "ssh exec" */ = {
			isa = XCConfigurationList;
			buildConfigurations = (
				433991C01E658D8700A4631E /* Debug */,
				433991C11E658D8700A4631E /* Release */,
			);
			defaultConfigurationIsVisible = 0;
			defaultConfigurationName = Release;
		};
/* End XCConfigurationList section */

/* Begin XCVersionGroup section */
		433991B41E658D8700A4631E /* ssh_exec.xcdatamodeld */ = {
			isa = XCVersionGroup;
			children = (
				433991B51E658D8700A4631E /* ssh_exec.xcdatamodel */,
			);
			currentVersion = 433991B51E658D8700A4631E /* ssh_exec.xcdatamodel */;
			path = ssh_exec.xcdatamodeld;
			sourceTree = "<group>";
			versionGroupType = wrapper.xcdatamodel;
		};
/* End XCVersionGroup section */
	};
	rootObject = 4339919D1E658D8700A4631E /* Project object */;
}
